
Microsoft Visual Studio Solution File, Format Version 12.00
# Visual Studio 15
VisualStudioVersion = 15.0.27703.2042
MinimumVisualStudioVersion = 10.0.40219.1
Project("{9A19103F-16F7-4668-BE54-9A1E7A4F7556}") = "Imobiliaria.Web.UI", "Imobiliaria.Web.UI\Imobiliaria.Web.UI.csproj", "{0A77A51B-02DE-46A6-879B-3B50E2412F14}"
EndProject
Project("{9A19103F-16F7-4668-BE54-9A1E7A4F7556}") = "Imobiliaria.Repository", "Imobiliaria.Repository\Imobiliaria.Repository.csproj", "{482EC457-DFC8-448D-AA52-607ED8EEB03A}"
EndProject
Project("{9A19103F-16F7-4668-BE54-9A1E7A4F7556}") = "Imobiliaria.Domain", "Imobiliaria.Domain\Imobiliaria.Domain.csproj", "{FB7E5CDB-EFCC-485F-A394-F4DA5F93116E}"
EndProject
Global
	GlobalSection(SolutionConfigurationPlatforms) = preSolution
		Debug|Any CPU = Debug|Any CPU
		Release|Any CPU = Release|Any CPU
	EndGlobalSection
	GlobalSection(ProjectConfigurationPlatforms) = postSolution
		{0A77A51B-02DE-46A6-879B-3B50E2412F14}.Debug|Any CPU.ActiveCfg = Debug|Any CPU
		{0A77A51B-02DE-46A6-879B-3B50E2412F14}.Debug|Any CPU.Build.0 = Debug|Any CPU
		{0A77A51B-02DE-46A6-879B-3B50E2412F14}.Release|Any CPU.ActiveCfg = Release|Any CPU
		{0A77A51B-02DE-46A6-879B-3B50E2412F14}.Release|Any CPU.Build.0 = Release|Any CPU
		{482EC457-DFC8-448D-AA52-607ED8EEB03A}.Debug|Any CPU.ActiveCfg = Debug|Any CPU
		{482EC457-DFC8-448D-AA52-607ED8EEB03A}.Debug|Any CPU.Build.0 = Debug|Any CPU
		{482EC457-DFC8-448D-AA52-607ED8EEB03A}.Release|Any CPU.ActiveCfg = Release|Any CPU
		{482EC457-DFC8-448D-AA52-607ED8EEB03A}.Release|Any CPU.Build.0 = Release|Any CPU
		{FB7E5CDB-EFCC-485F-A394-F4DA5F93116E}.Debug|Any CPU.ActiveCfg = Debug|Any CPU
		{FB7E5CDB-EFCC-485F-A394-F4DA5F93116E}.Debug|Any CPU.Build.0 = Debug|Any CPU
		{FB7E5CDB-EFCC-485F-A394-F4DA5F93116E}.Release|Any CPU.ActiveCfg = Release|Any CPU
		{FB7E5CDB-EFCC-485F-A394-F4DA5F93116E}.Release|Any CPU.Build.0 = Release|Any CPU
	EndGlobalSection
	GlobalSection(SolutionProperties) = preSolution
		HideSolutionNode = FALSE
	EndGlobalSection
	GlobalSection(ExtensibilityGlobals) = postSolution
		SolutionGuid = {F7C5E52A-6B5D-48C0-8D71-22A749FF1899}
	EndGlobalSection
	GlobalSection(TeamFoundationVersionControl) = preSolution
		SccNumberOfProjects = 4
		SccEnterpriseProvider = {4CA58AB2-18FA-4F8D-95D4-32DDF27D184C}
		SccTeamFoundationServer = https://usebiliaria.visualstudio.com/
		SccLocalPath0 = .
		SccProjectUniqueName1 = Imobiliaria.Domain\\Imobiliaria.Domain.csproj
		SccProjectName1 = Imobiliaria.Domain
		SccLocalPath1 = Imobiliaria.Domain
		SccProjectUniqueName2 = Imobiliaria.Repository\\Imobiliaria.Repository.csproj
		SccProjectName2 = Imobiliaria.Repository
		SccLocalPath2 = Imobiliaria.Repository
		SccProjectUniqueName3 = Imobiliaria.Web.UI\\Imobiliaria.Web.UI.csproj
		SccProjectName3 = Imobiliaria.Web.UI
		SccLocalPath3 = Imobiliaria.Web.UI
	EndGlobalSection
EndGlobal
